// !$*UTF8*$!
{
	archiveVersion = 1;
	classes = {
	};
	objectVersion = 46;
	objects = {

/* Begin PBXBuildFile section */
		3F614D3B1E6825BD006AEC13 /* AppDelegate.swift in Sources */ = {isa = PBXBuildFile; fileRef = 3F614D3A1E6825BD006AEC13 /* AppDelegate.swift */; };
		3F614D3D1E6825BD006AEC13 /* ViewController.swift in Sources */ = {isa = PBXBuildFile; fileRef = 3F614D3C1E6825BD006AEC13 /* ViewController.swift */; };
		3F614D401E6825BD006AEC13 /* Main.storyboard in Resources */ = {isa = PBXBuildFile; fileRef = 3F614D3E1E6825BD006AEC13 /* Main.storyboard */; };
		3F614D421E6825BD006AEC13 /* Assets.xcassets in Resources */ = {isa = PBXBuildFile; fileRef = 3F614D411E6825BD006AEC13 /* Assets.xcassets */; };
		3F614D451E6825BD006AEC13 /* LaunchScreen.storyboard in Resources */ = {isa = PBXBuildFile; fileRef = 3F614D431E6825BD006AEC13 /* LaunchScreen.storyboard */; };
		3F614D501E6825BD006AEC13 /* CalculatorTests.swift in Sources */ = {isa = PBXBuildFile; fileRef = 3F614D4F1E6825BD006AEC13 /* CalculatorTests.swift */; };
/* End PBXBuildFile section */

/* Begin PBXContainerItemProxy section */
		3F614D4C1E6825BD006AEC13 /* PBXContainerItemProxy */ = {
			isa = PBXContainerItemProxy;
			containerPortal = 3F614D2F1E6825BD006AEC13 /* Project object */;
			proxyType = 1;
			remoteGlobalIDString = 3F614D361E6825BD006AEC13;
			remoteInfo = Calculator;
		};
/* End PBXContainerItemProxy section */

/* Begin PBXFileReference section */
		3F614D371E6825BD006AEC13 /* Calculator.app */ = {isa = PBXFileReference; explicitFileType = wrapper.application; includeInIndex = 0; path = Calculator.app; sourceTree = BUILT_PRODUCTS_DIR; };
		3F614D3A1E6825BD006AEC13 /* AppDelegate.swift */ = {isa = PBXFileReference; lastKnownFileType = sourcecode.swift; path = AppDelegate.swift; sourceTree = "<group>"; };
		3F614D3C1E6825BD006AEC13 /* ViewController.swift */ = {isa = PBXFileReference; lastKnownFileType = sourcecode.swift; path = ViewController.swift; sourceTree = "<group>"; };
		3F614D3F1E6825BD006AEC13 /* Base */ = {isa = PBXFileReference; lastKnownFileType = file.storyboard; name = Base; path = Base.lproj/Main.storyboard; sourceTree = "<group>"; };
		3F614D411E6825BD006AEC13 /* Assets.xcassets */ = {isa = PBXFileReference; lastKnownFileType = folder.assetcatalog; path = Assets.xcassets; sourceTree = "<group>"; };
		3F614D441E6825BD006AEC13 /* Base */ = {isa = PBXFileReference; lastKnownFileType = file.storyboard; name = Base; path = Base.lproj/LaunchScreen.storyboard; sourceTree = "<group>"; };
		3F614D461E6825BD006AEC13 /* Info.plist */ = {isa = PBXFileReference; lastKnownFileType = text.plist.xml; path = Info.plist; sourceTree = "<group>"; };
		3F614D4B1E6825BD006AEC13 /* CalculatorTests.xctest */ = {isa = PBXFileReference; explicitFileType = wrapper.cfbundle; includeInIndex = 0; path = CalculatorTests.xctest; sourceTree = BUILT_PRODUCTS_DIR; };
		3F614D4F1E6825BD006AEC13 /* CalculatorTests.swift */ = {isa = PBXFileReference; lastKnownFileType = sourcecode.swift; path = CalculatorTests.swift; sourceTree = "<group>"; };
		3F614D511E6825BD006AEC13 /* Info.plist */ = {isa = PBXFileReference; lastKnownFileType = text.plist.xml; path = Info.plist; sourceTree = "<group>"; };
/* End PBXFileReference section */

/* Begin PBXFrameworksBuildPhase section */
		3F614D341E6825BD006AEC13 /* Frameworks */ = {
			isa = PBXFrameworksBuildPhase;
			buildActionMask = 2147483647;
			files = (
			);
			runOnlyForDeploymentPostprocessing = 0;
		};
		3F614D481E6825BD006AEC13 /* Frameworks */ = {
			isa = PBXFrameworksBuildPhase;
			buildActionMask = 2147483647;
			files = (
			);
			runOnlyForDeploymentPostprocessing = 0;
		};
/* End PBXFrameworksBuildPhase section */

/* Begin PBXGroup section */
		3F614D2E1E6825BD006AEC13 = {
			isa = PBXGroup;
			children = (
				3F614D391E6825BD006AEC13 /* Calculator */,
				3F614D4E1E6825BD006AEC13 /* CalculatorTests */,
				3F614D381E6825BD006AEC13 /* Products */,
			);
			sourceTree = "<group>";
		};
		3F614D381E6825BD006AEC13 /* Products */ = {
			isa = PBXGroup;
			children = (
				3F614D371E6825BD006AEC13 /* Calculator.app */,
				3F614D4B1E6825BD006AEC13 /* CalculatorTests.xctest */,
			);
			name = Products;
			sourceTree = "<group>";
		};
		3F614D391E6825BD006AEC13 /* Calculator */ = {
			isa = PBXGroup;
			children = (
				3F614D3C1E6825BD006AEC13 /* ViewController.swift */,
				3F614D3E1E6825BD006AEC13 /* Main.storyboard */,
				3F614D5A1E6825FE006AEC13 /* Supporting Files */,
			);
			path = Calculator;
			sourceTree = "<group>";
		};
		3F614D4E1E6825BD006AEC13 /* CalculatorTests */ = {
			isa = PBXGroup;
			children = (
				3F614D4F1E6825BD006AEC13 /* CalculatorTests.swift */,
				3F614D511E6825BD006AEC13 /* Info.plist */,
			);
			path = CalculatorTests;
			sourceTree = "<group>";
		};
		3F614D5A1E6825FE006AEC13 /* Supporting Files */ = {
			isa = PBXGroup;
			children = (
				3F614D411E6825BD006AEC13 /* Assets.xcassets */,
				3F614D431E6825BD006AEC13 /* LaunchScreen.storyboard */,
				3F614D3A1E6825BD006AEC13 /* AppDelegate.swift */,
				3F614D461E6825BD006AEC13 /* Info.plist */,
			);
			name = "Supporting Files";
			sourceTree = "<group>";
		};
/* End PBXGroup section */

/* Begin PBXNativeTarget section */
		3F614D361E6825BD006AEC13 /* Calculator */ = {
			isa = PBXNativeTarget;
			buildConfigurationList = 3F614D541E6825BD006AEC13 /* Build configuration list for PBXNativeTarget "Calculator" */;
			buildPhases = (
				3F614D331E6825BD006AEC13 /* Sources */,
				3F614D341E6825BD006AEC13 /* Frameworks */,
				3F614D351E6825BD006AEC13 /* Resources */,
			);
			buildRules = (
			);
			dependencies = (
			);
			name = Calculator;
			productName = Calculator;
			productReference = 3F614D371E6825BD006AEC13 /* Calculator.app */;
			productType = "com.apple.product-type.application";
		};
		3F614D4A1E6825BD006AEC13 /* CalculatorTests */ = {
			isa = PBXNativeTarget;
			buildConfigurationList = 3F614D571E6825BD006AEC13 /* Build configuration list for PBXNativeTarget "CalculatorTests" */;
			buildPhases = (
				3F614D471E6825BD006AEC13 /* Sources */,
				3F614D481E6825BD006AEC13 /* Frameworks */,
				3F614D491E6825BD006AEC13 /* Resources */,
			);
			buildRules = (
			);
			dependencies = (
				3F614D4D1E6825BD006AEC13 /* PBXTargetDependency */,
			);
			name = CalculatorTests;
			productName = CalculatorTests;
			productReference = 3F614D4B1E6825BD006AEC13 /* CalculatorTests.xctest */;
			productType = "com.apple.product-type.bundle.unit-test";
		};
/* End PBXNativeTarget section */

/* Begin PBXProject section */
		3F614D2F1E6825BD006AEC13 /* Project object */ = {
			isa = PBXProject;
			attributes = {
				LastSwiftUpdateCheck = 0820;
				LastUpgradeCheck = 0820;
				ORGANIZATIONNAME = "WEI-SHUO LEE";
				TargetAttributes = {
					3F614D361E6825BD006AEC13 = {
						CreatedOnToolsVersion = 8.2.1;
						DevelopmentTeam = A94N38QHKK;
						ProvisioningStyle = Automatic;
					};
					3F614D4A1E6825BD006AEC13 = {
						CreatedOnToolsVersion = 8.2.1;
						DevelopmentTeam = A94N38QHKK;
						ProvisioningStyle = Automatic;
						TestTargetID = 3F614D361E6825BD006AEC13;
					};
				};
			};
			buildConfigurationList = 3F614D321E6825BD006AEC13 /* Build configuration list for PBXProject "Calculator" */;
			compatibilityVersion = "Xcode 3.2";
			developmentRegion = English;
			hasScannedForEncodings = 0;
			knownRegions = (
				en,
				Base,
			);
			mainGroup = 3F614D2E1E6825BD006AEC13;
			productRefGroup = 3F614D381E6825BD006AEC13 /* Products */;
			projectDirPath = "";
			projectRoot = "";
			targets = (
				3F614D361E6825BD006AEC13 /* Calculator */,
				3F614D4A1E6825BD006AEC13 /* CalculatorTests */,
			);
		};
/* End PBXProject section */

/* Begin PBXResourcesBuildPhase section */
		3F614D351E6825BD006AEC13 /* Resources */ = {
			isa = PBXResourcesBuildPhase;
			buildActionMask = 2147483647;
			files = (
				3F614D451E6825BD006AEC13 /* LaunchScreen.storyboard in Resources */,
				3F614D421E6825BD006AEC13 /* Assets.xcassets in Resources */,
				3F614D401E6825BD006AEC13 /* Main.storyboard in Resources */,
			);
			runOnlyForDeploymentPostprocessing = 0;
		};
		3F614D491E6825BD006AEC13 /* Resources */ = {
			isa = PBXResourcesBuildPhase;
			buildActionMask = 2147483647;
			files = (
			);
			runOnlyForDeploymentPostprocessing = 0;
		};
/* End PBXResourcesBuildPhase section */

/* Begin PBXSourcesBuildPhase section */
		3F614D331E6825BD006AEC13 /* Sources */ = {
			isa = PBXSourcesBuildPhase;
			buildActionMask = 2147483647;
			files = (
				3F614D3D1E6825BD006AEC13 /* ViewController.swift in Sources */,
				3F614D3B1E6825BD006AEC13 /* AppDelegate.swift in Sources */,
			);
			runOnlyForDeploymentPostprocessing = 0;
		};
		3F614D471E6825BD006AEC13 /* Sources */ = {
			isa = PBXSourcesBuildPhase;
			buildActionMask = 2147483647;
			files = (
				3F614D501E6825BD006AEC13 /* CalculatorTests.swift in Sources */,
			);
			runOnlyForDeploymentPostprocessing = 0;
		};
/* End PBXSourcesBuildPhase section */

/* Begin PBXTargetDependency section */
		3F614D4D1E6825BD006AEC13 /* PBXTargetDependency */ = {
			isa = PBXTargetDependency;
			target = 3F614D361E6825BD006AEC13 /* Calculator */;
			targetProxy = 3F614D4C1E6825BD006AEC13 /* PBXContainerItemProxy */;
		};
/* End PBXTargetDependency section */

/* Begin PBXVariantGroup section */
		3F614D3E1E6825BD006AEC13 /* Main.storyboard */ = {
			isa = PBXVariantGroup;
			children = (
				3F614D3F1E6825BD006AEC13 /* Base */,
			);
			name = Main.storyboard;
			sourceTree = "<group>";
		};
		3F614D431E6825BD006AEC13 /* LaunchScreen.storyboard */ = {
			isa = PBXVariantGroup;
			children = (
				3F614D441E6825BD006AEC13 /* Base */,
			);
			name = LaunchScreen.storyboard;
			sourceTree = "<group>";
		};
/* End PBXVariantGroup section */

/* Begin XCBuildConfiguration section */
		3F614D521E6825BD006AEC13 /* Debug */ = {
			isa = XCBuildConfiguration;
			buildSettings = {
				ALWAYS_SEARCH_USER_PATHS = NO;
				CLANG_ANALYZER_NONNULL = YES;
				CLANG_CXX_LANGUAGE_STANDARD = "gnu++0x";
				CLANG_CXX_LIBRARY = "libc++";
				CLANG_ENABLE_MODULES = YES;
				CLANG_ENABLE_OBJC_ARC = YES;
				CLANG_WARN_BOOL_CONVERSION = YES;
				CLANG_WARN_CONSTANT_CONVERSION = YES;
				CLANG_WARN_DIRECT_OBJC_ISA_USAGE = YES_ERROR;
				CLANG_WARN_DOCUMENTATION_COMMENTS = YES;
				CLANG_WARN_EMPTY_BODY = YES;
				CLANG_WARN_ENUM_CONVERSION = YES;
				CLANG_WARN_INFINITE_RECURSION = YES;
				CLANG_WARN_INT_CONVERSION = YES;
				CLANG_WARN_OBJC_ROOT_CLASS = YES_ERROR;
				CLANG_WARN_SUSPICIOUS_MOVE = YES;
				CLANG_WARN_UNREACHABLE_CODE = YES;
				CLANG_WARN__DUPLICATE_METHOD_MATCH = YES;
				"CODE_SIGN_IDENTITY[sdk=iphoneos*]" = "iPhone Developer";
				COPY_PHASE_STRIP = NO;
				DEBUG_INFORMATION_FORMAT = dwarf;
				ENABLE_STRICT_OBJC_MSGSEND = YES;
				ENABLE_TESTABILITY = YES;
				GCC_C_LANGUAGE_STANDARD = gnu99;
				GCC_DYNAMIC_NO_PIC = NO;
				GCC_NO_COMMON_BLOCKS = YES;
				GCC_OPTIMIZATION_LEVEL = 0;
				GCC_PREPROCESSOR_DEFINITIONS = (
					"DEBUG=1",
					"$(inherited)",
				);
				GCC_WARN_64_TO_32_BIT_CONVERSION = YES;
				GCC_WARN_ABOUT_RETURN_TYPE = YES_ERROR;
				GCC_WARN_UNDECLARED_SELECTOR = YES;
				GCC_WARN_UNINITIALIZED_AUTOS = YES_AGGRESSIVE;
				GCC_WARN_UNUSED_FUNCTION = YES;
				GCC_WARN_UNUSED_VARIABLE = YES;
				IPHONEOS_DEPLOYMENT_TARGET = 10.2;
				MTL_ENABLE_DEBUG_INFO = YES;
				ONLY_ACTIVE_ARCH = YES;
				SDKROOT = iphoneos;
				SWIFT_ACTIVE_COMPILATION_CONDITIONS = DEBUG;
				SWIFT_OPTIMIZATION_LEVEL = "-Onone";
				TARGETED_DEVICE_FAMILY = "1,2";
			};
			name = Debug;
		};
		3F614D531E6825BD006AEC13 /* Release */ = {
			isa = XCBuildConfiguration;
			buildSettings = {
				ALWAYS_SEARCH_USER_PATHS = NO;
				CLANG_ANALYZER_NONNULL = YES;
				CLANG_CXX_LANGUAGE_STANDARD = "gnu++0x";
				CLANG_CXX_LIBRARY = "libc++";
				CLANG_ENABLE_MODULES = YES;
				CLANG_ENABLE_OBJC_ARC = YES;
				CLANG_WARN_BOOL_CONVERSION = YES;
				CLANG_WARN_CONSTANT_CONVERSION = YES;
				CLANG_WARN_DIRECT_OBJC_ISA_USAGE = YES_ERROR;
				CLANG_WARN_DOCUMENTATION_COMMENTS = YES;
				CLANG_WARN_EMPTY_BODY = YES;
				CLANG_WARN_ENUM_CONVERSION = YES;
				CLANG_WARN_INFINITE_RECURSION = YES;
				CLANG_WARN_INT_CONVERSION = YES;
				CLANG_WARN_OBJC_ROOT_CLASS = YES_ERROR;
				CLANG_WARN_SUSPICIOUS_MOVE = YES;
				CLANG_WARN_UNREACHABLE_CODE = YES;
				CLANG_WARN__DUPLICATE_METHOD_MATCH = YES;
				"CODE_SIGN_IDENTITY[sdk=iphoneos*]" = "iPhone Developer";
				COPY_PHASE_STRIP = NO;
				DEBUG_INFORMATION_FORMAT = "dwarf-with-dsym";
				ENABLE_NS_ASSERTIONS = NO;
				ENABLE_STRICT_OBJC_MSGSEND = YES;
				GCC_C_LANGUAGE_STANDARD = gnu99;
				GCC_NO_COMMON_BLOCKS = YES;
				GCC_WARN_64_TO_32_BIT_CONVERSION = YES;
				GCC_WARN_ABOUT_RETURN_TYPE = YES_ERROR;
				GCC_WARN_UNDECLARED_SELECTOR = YES;
				GCC_WARN_UNINITIALIZED_AUTOS = YES_AGGRESSIVE;
				GCC_WARN_UNUSED_FUNCTION = YES;
				GCC_WARN_UNUSED_VARIABLE = YES;
				IPHONEOS_DEPLOYMENT_TARGET = 10.2;
				MTL_ENABLE_DEBUG_INFO = NO;
				SDKROOT = iphoneos;
				SWIFT_OPTIMIZATION_LEVEL = "-Owholemodule";
				TARGETED_DEVICE_FAMILY = "1,2";
				VALIDATE_PRODUCT = YES;
			};
			name = Release;
		};
		3F614D551E6825BD006AEC13 /* Debug */ = {
			isa = XCBuildConfiguration;
			buildSettings = {
				ASSETCATALOG_COMPILER_APPICON_NAME = AppIcon;
				DEVELOPMENT_TEAM = A94N38QHKK;
				INFOPLIST_FILE = Calculator/Info.plist;
				LD_RUNPATH_SEARCH_PATHS = "$(inherited) @executable_path/Frameworks";
				PRODUCT_BUNDLE_IDENTIFIER = willy.Calculator;
				PRODUCT_NAME = "$(TARGET_NAME)";
				SWIFT_VERSION = 3.0;
			};
			name = Debug;
		};
		3F614D561E6825BD006AEC13 /* Release */ = {
			isa = XCBuildConfiguration;
			buildSettings = {
				ASSETCATALOG_COMPILER_APPICON_NAME = AppIcon;
				DEVELOPMENT_TEAM = A94N38QHKK;
				INFOPLIST_FILE = Calculator/Info.plist;
				LD_RUNPATH_SEARCH_PATHS = "$(inherited) @executable_path/Frameworks";
				PRODUCT_BUNDLE_IDENTIFIER = willy.Calculator;
				PRODUCT_NAME = "$(TARGET_NAME)";
				SWIFT_VERSION = 3.0;
			};
			name = Release;
		};
		3F614D581E6825BD006AEC13 /* Debug */ = {
			isa = XCBuildConfiguration;
			buildSettings = {
				ALWAYS_EMBED_SWIFT_STANDARD_LIBRARIES = YES;
				BUNDLE_LOADER = "$(TEST_HOST)";
				DEVELOPMENT_TEAM = A94N38QHKK;
				INFOPLIST_FILE = CalculatorTests/Info.plist;
				LD_RUNPATH_SEARCH_PATHS = "$(inherited) @executable_path/Frameworks @loader_path/Frameworks";
				PRODUCT_BUNDLE_IDENTIFIER = na.CalculatorTests;
				PRODUCT_NAME = "$(TARGET_NAME)";
				SWIFT_VERSION = 3.0;
				TEST_HOST = "$(BUILT_PRODUCTS_DIR)/Calculator.app/Calculator";
			};
			name = Debug;
		};
		3F614D591E6825BD006AEC13 /* Release */ = {
			isa = XCBuildConfiguration;
			buildSettings = {
				ALWAYS_EMBED_SWIFT_STANDARD_LIBRARIES = YES;
				BUNDLE_LOADER = "$(TEST_HOST)";
				DEVELOPMENT_TEAM = A94N38QHKK;
				INFOPLIST_FILE = CalculatorTests/Info.plist;
				LD_RUNPATH_SEARCH_PATHS = "$(inherited) @executable_path/Frameworks @loader_path/Frameworks";
				PRODUCT_BUNDLE_IDENTIFIER = na.CalculatorTests;
				PRODUCT_NAME = "$(TARGET_NAME)";
				SWIFT_VERSION = 3.0;
				TEST_HOST = "$(BUILT_PRODUCTS_DIR)/Calculator.app/Calculator";
			};
			name = Release;
		};
/* End XCBuildConfiguration section */

/* Begin XCConfigurationList section */
		3F614D321E6825BD006AEC13 /* Build configuration list for PBXProject "Calculator" */ = {
			isa = XCConfigurationList;
			buildConfigurations = (
				3F614D521E6825BD006AEC13 /* Debug */,
				3F614D531E6825BD006AEC13 /* Release */,
			);
			defaultConfigurationIsVisible = 0;
			defaultConfigurationName = Release;
		};
		3F614D541E6825BD006AEC13 /* Build configuration list for PBXNativeTarget "Calculator" */ = {
			isa = XCConfigurationList;
			buildConfigurations = (
				3F614D551E6825BD006AEC13 /* Debug */,
				3F614D561E6825BD006AEC13 /* Release */,
			);
			defaultConfigurationIsVisible = 0;
		};
		3F614D571E6825BD006AEC13 /* Build configuration list for PBXNativeTarget "CalculatorTests" */ = {
			isa = XCConfigurationList;
			buildConfigurations = (
				3F614D581E6825BD006AEC13 /* Debug */,
				3F614D591E6825BD006AEC13 /* Release */,
			);
			defaultConfigurationIsVisible = 0;
		};
/* End XCConfigurationList section */
	};
	rootObject = 3F614D2F1E6825BD006AEC13 /* Project object */;
}
